
Microsoft Visual Studio Solution File, Format Version 12.00
# Visual Studio Version 17
VisualStudioVersion = 17.6.33829.357
MinimumVisualStudioVersion = 10.0.40219.1
Project("{F2A71F9B-5D33-465A-A702-920D77279786}") = "FutureValue", "FutureValue\FutureValue.fsproj", "{D97C03D8-9088-408F-AE73-0AA53F7D2E44}"
EndProject
Global
	GlobalSection(SolutionConfigurationPlatforms) = preSolution
		Debug|Any CPU = Debug|Any CPU
		Release|Any CPU = Release|Any CPU
	EndGlobalSection
	GlobalSection(ProjectConfigurationPlatforms) = postSolution
		{D97C03D8-9088-408F-AE73-0AA53F7D2E44}.Debug|Any CPU.ActiveCfg = Debug|Any CPU
		{D97C03D8-9088-408F-AE73-0AA53F7D2E44}.Debug|Any CPU.Build.0 = Debug|Any CPU
		{D97C03D8-9088-408F-AE73-0AA53F7D2E44}.Release|Any CPU.ActiveCfg = Release|Any CPU
		{D97C03D8-9088-408F-AE73-0AA53F7D2E44}.Release|Any CPU.Build.0 = Release|Any CPU
	EndGlobalSection
	GlobalSection(SolutionProperties) = preSolution
		HideSolutionNode = FALSE
	EndGlobalSection
	GlobalSection(ExtensibilityGlobals) = postSolution
		SolutionGuid = {C0AF6554-3575-459E-B522-549E43B01B41}
	EndGlobalSection
EndGlobal
